<?xml version="1.0" encoding="utf-8"?>
<Project ToolsVersion="4.0" xmlns="http://schemas.microsoft.com/developer/msbuild/2003">
  <ItemGroup>
    <Filter Include="Windows">
      <UniqueIdentifier>{eb42aea0-adbb-4990-8e63-1b4ac54c3d92}</UniqueIdentifier>
    </Filter>
    <Filter Include="Windows\Header">
      <UniqueIdentifier>{4ca4eeeb-add6-469c-8625-36a2c460d90b}</UniqueIdentifier>
    </Filter>
    <Filter Include="Windows\Resource">
      <UniqueIdentifier>{1592b4e4-cc1d-42d0-9420-ff754579d1ca}</UniqueIdentifier>
    </Filter>
    <Filter Include="Engine">
      <UniqueIdentifier>{66b14f13-997e-4cd9-a2d2-a7fc359f41ea}</UniqueIdentifier>
    </Filter>
    <Filter Include="Engine\Common">
      <UniqueIdentifier>{c89ac545-816b-4970-ae26-25e3890220f5}</UniqueIdentifier>
    </Filter>
    <Filter Include="Engine\High Level interface">
      <UniqueIdentifier>{fa501b30-b329-4644-a6fe-a34d1cd0199c}</UniqueIdentifier>
    </Filter>
    <Filter Include="Engine\Input">
      <UniqueIdentifier>{98750d9b-5f1b-440c-8eb8-8e7e14a6505b}</UniqueIdentifier>
    </Filter>
    <Filter Include="Engine\Time">
      <UniqueIdentifier>{ee6970c8-ebfe-4f6e-ad3c-8713d43db6ba}</UniqueIdentifier>
    </Filter>
    <Filter Include="Engine\Auto Ellipse">
      <UniqueIdentifier>{3d90480f-d243-45b4-9cb5-d83aaf9e8d16}</UniqueIdentifier>
    </Filter>
  </ItemGroup>
  <ItemGroup>
    <ClInclude Include="framework.h">
      <Filter>Windows\Header</Filter>
    </ClInclude>
    <ClInclude Include="METAL SLUG.h">
      <Filter>Windows\Header</Filter>
    </ClInclude>
    <ClInclude Include="Resource.h">
      <Filter>Windows\Header</Filter>
    </ClInclude>
    <ClInclude Include="targetver.h">
      <Filter>Windows\Header</Filter>
    </ClInclude>
    <ClInclude Include="Commoninclude.h">
      <Filter>Engine\Common</Filter>
    </ClInclude>
    <ClInclude Include="sbApplication.h">
      <Filter>Engine\High Level interface</Filter>
    </ClInclude>
    <ClInclude Include="sbMath.h">
      <Filter>Engine\Common</Filter>
    </ClInclude>
    <ClInclude Include="sbInput.h">
      <Filter>Engine\Input</Filter>
    </ClInclude>
    <ClInclude Include="sbTime.h">
      <Filter>Engine\Time</Filter>
    </ClInclude>
    <ClInclude Include="sbAuto.h">
      <Filter>Engine\Auto Ellipse</Filter>
    </ClInclude>
  </ItemGroup>
  <ItemGroup>
    <Image Include="METAL SLUG.ico">
      <Filter>Windows\Resource</Filter>
    </Image>
    <Image Include="small.ico">
      <Filter>Windows\Resource</Filter>
    </Image>
  </ItemGroup>
  <ItemGroup>
    <ClCompile Include="main.cpp" />
    <ClCompile Include="sbApplication.cpp">
      <Filter>Engine\High Level interface</Filter>
    </ClCompile>
    <ClCompile Include="sbInput.cpp">
      <Filter>Engine\Input</Filter>
    </ClCompile>
    <ClCompile Include="sbTime.cpp">
      <Filter>Engine\Time</Filter>
    </ClCompile>
    <ClCompile Include="sbAuto.cpp">
      <Filter>Engine\Auto Ellipse</Filter>
    </ClCompile>
  </ItemGroup>
  <ItemGroup>
    <ResourceCompile Include="METAL SLUG.rc">
      <Filter>Windows\Resource</Filter>
    </ResourceCompile>
  </ItemGroup>
</Project>